// !$*UTF8*$!
{
	archiveVersion = 1;
	classes = {
	};
	objectVersion = 50;
	objects = {

/* Begin PBXBuildFile section */
		812F937F24B47F4F0015944C /* Items.swift in Sources */ = {isa = PBXBuildFile; fileRef = 812F937E24B47F4F0015944C /* Items.swift */; };
		817751BB24A10C1F0028431A /* AppDelegate.swift in Sources */ = {isa = PBXBuildFile; fileRef = 817751BA24A10C1F0028431A /* AppDelegate.swift */; };
		817751BD24A10C1F0028431A /* SceneDelegate.swift in Sources */ = {isa = PBXBuildFile; fileRef = 817751BC24A10C1F0028431A /* SceneDelegate.swift */; };
		817751BF24A10C1F0028431A /* ToDoListViewController.swift in Sources */ = {isa = PBXBuildFile; fileRef = 817751BE24A10C1F0028431A /* ToDoListViewController.swift */; };
		817751C224A10C1F0028431A /* Main.storyboard in Resources */ = {isa = PBXBuildFile; fileRef = 817751C024A10C1F0028431A /* Main.storyboard */; };
		817751C424A10C210028431A /* Assets.xcassets in Resources */ = {isa = PBXBuildFile; fileRef = 817751C324A10C210028431A /* Assets.xcassets */; };
		817751C724A10C210028431A /* LaunchScreen.storyboard in Resources */ = {isa = PBXBuildFile; fileRef = 817751C524A10C210028431A /* LaunchScreen.storyboard */; };
/* End PBXBuildFile section */

/* Begin PBXFileReference section */
		812F937E24B47F4F0015944C /* Items.swift */ = {isa = PBXFileReference; lastKnownFileType = sourcecode.swift; path = Items.swift; sourceTree = "<group>"; };
		817751B724A10C1F0028431A /* WhatTODO.app */ = {isa = PBXFileReference; explicitFileType = wrapper.application; includeInIndex = 0; path = WhatTODO.app; sourceTree = BUILT_PRODUCTS_DIR; };
		817751BA24A10C1F0028431A /* AppDelegate.swift */ = {isa = PBXFileReference; lastKnownFileType = sourcecode.swift; path = AppDelegate.swift; sourceTree = "<group>"; };
		817751BC24A10C1F0028431A /* SceneDelegate.swift */ = {isa = PBXFileReference; lastKnownFileType = sourcecode.swift; path = SceneDelegate.swift; sourceTree = "<group>"; };
		817751BE24A10C1F0028431A /* ToDoListViewController.swift */ = {isa = PBXFileReference; lastKnownFileType = sourcecode.swift; path = ToDoListViewController.swift; sourceTree = "<group>"; };
		817751C124A10C1F0028431A /* Base */ = {isa = PBXFileReference; lastKnownFileType = file.storyboard; name = Base; path = Base.lproj/Main.storyboard; sourceTree = "<group>"; };
		817751C324A10C210028431A /* Assets.xcassets */ = {isa = PBXFileReference; lastKnownFileType = folder.assetcatalog; path = Assets.xcassets; sourceTree = "<group>"; };
		817751C624A10C210028431A /* Base */ = {isa = PBXFileReference; lastKnownFileType = file.storyboard; name = Base; path = Base.lproj/LaunchScreen.storyboard; sourceTree = "<group>"; };
		817751C824A10C210028431A /* Info.plist */ = {isa = PBXFileReference; lastKnownFileType = text.plist.xml; path = Info.plist; sourceTree = "<group>"; };
/* End PBXFileReference section */

/* Begin PBXFrameworksBuildPhase section */
		817751B424A10C1F0028431A /* Frameworks */ = {
			isa = PBXFrameworksBuildPhase;
			buildActionMask = 2147483647;
			files = (
			);
			runOnlyForDeploymentPostprocessing = 0;
		};
/* End PBXFrameworksBuildPhase section */

/* Begin PBXGroup section */
		812F938024B47F620015944C /* Data Model */ = {
			isa = PBXGroup;
			children = (
				812F937E24B47F4F0015944C /* Items.swift */,
			);
			path = "Data Model";
			sourceTree = "<group>";
		};
		812F938124B47F850015944C /* Controller */ = {
			isa = PBXGroup;
			children = (
				817751BE24A10C1F0028431A /* ToDoListViewController.swift */,
			);
			path = Controller;
			sourceTree = "<group>";
		};
		812F938224B47F930015944C /* View */ = {
			isa = PBXGroup;
			children = (
				817751C024A10C1F0028431A /* Main.storyboard */,
			);
			path = View;
			sourceTree = "<group>";
		};
		812F938324B47FAB0015944C /* Supporting Files */ = {
			isa = PBXGroup;
			children = (
				817751C324A10C210028431A /* Assets.xcassets */,
				817751C524A10C210028431A /* LaunchScreen.storyboard */,
			);
			path = "Supporting Files";
			sourceTree = "<group>";
		};
		817751AE24A10C1F0028431A = {
			isa = PBXGroup;
			children = (
				817751B924A10C1F0028431A /* WhatTODO */,
				817751B824A10C1F0028431A /* Products */,
			);
			sourceTree = "<group>";
		};
		817751B824A10C1F0028431A /* Products */ = {
			isa = PBXGroup;
			children = (
				817751B724A10C1F0028431A /* WhatTODO.app */,
			);
			name = Products;
			sourceTree = "<group>";
		};
		817751B924A10C1F0028431A /* WhatTODO */ = {
			isa = PBXGroup;
			children = (
				817751BA24A10C1F0028431A /* AppDelegate.swift */,
				817751BC24A10C1F0028431A /* SceneDelegate.swift */,
				812F938124B47F850015944C /* Controller */,
				812F938024B47F620015944C /* Data Model */,
				812F938224B47F930015944C /* View */,
				812F938324B47FAB0015944C /* Supporting Files */,
				817751C824A10C210028431A /* Info.plist */,
			);
			path = WhatTODO;
			sourceTree = "<group>";
		};
/* End PBXGroup section */

/* Begin PBXNativeTarget section */
		817751B624A10C1F0028431A /* WhatTODO */ = {
			isa = PBXNativeTarget;
			buildConfigurationList = 817751CB24A10C210028431A /* Build configuration list for PBXNativeTarget "WhatTODO" */;
			buildPhases = (
				817751B324A10C1F0028431A /* Sources */,
				817751B424A10C1F0028431A /* Frameworks */,
				817751B524A10C1F0028431A /* Resources */,
			);
			buildRules = (
			);
			dependencies = (
			);
			name = WhatTODO;
			productName = WhatTODO;
			productReference = 817751B724A10C1F0028431A /* WhatTODO.app */;
			productType = "com.apple.product-type.application";
		};
/* End PBXNativeTarget section */

/* Begin PBXProject section */
		817751AF24A10C1F0028431A /* Project object */ = {
			isa = PBXProject;
			attributes = {
				LastSwiftUpdateCheck = 1150;
				LastUpgradeCheck = 1150;
				ORGANIZATIONNAME = "Ceren Ercan";
				TargetAttributes = {
					817751B624A10C1F0028431A = {
						CreatedOnToolsVersion = 11.5;
					};
				};
			};
			buildConfigurationList = 817751B224A10C1F0028431A /* Build configuration list for PBXProject "WhatTODO" */;
			compatibilityVersion = "Xcode 9.3";
			developmentRegion = en;
			hasScannedForEncodings = 0;
			knownRegions = (
				en,
				Base,
			);
			mainGroup = 817751AE24A10C1F0028431A;
			productRefGroup = 817751B824A10C1F0028431A /* Products */;
			projectDirPath = "";
			projectRoot = "";
			targets = (
				817751B624A10C1F0028431A /* WhatTODO */,
			);
		};
/* End PBXProject section */

/* Begin PBXResourcesBuildPhase section */
		817751B524A10C1F0028431A /* Resources */ = {
			isa = PBXResourcesBuildPhase;
			buildActionMask = 2147483647;
			files = (
				817751C724A10C210028431A /* LaunchScreen.storyboard in Resources */,
				817751C424A10C210028431A /* Assets.xcassets in Resources */,
				817751C224A10C1F0028431A /* Main.storyboard in Resources */,
			);
			runOnlyForDeploymentPostprocessing = 0;
		};
/* End PBXResourcesBuildPhase section */

/* Begin PBXSourcesBuildPhase section */
		817751B324A10C1F0028431A /* Sources */ = {
			isa = PBXSourcesBuildPhase;
			buildActionMask = 2147483647;
			files = (
				812F937F24B47F4F0015944C /* Items.swift in Sources */,
				817751BF24A10C1F0028431A /* ToDoListViewController.swift in Sources */,
				817751BB24A10C1F0028431A /* AppDelegate.swift in Sources */,
				817751BD24A10C1F0028431A /* SceneDelegate.swift in Sources */,
			);
			runOnlyForDeploymentPostprocessing = 0;
		};
/* End PBXSourcesBuildPhase section */

/* Begin PBXVariantGroup section */
		817751C024A10C1F0028431A /* Main.storyboard */ = {
			isa = PBXVariantGroup;
			children = (
				817751C124A10C1F0028431A /* Base */,
			);
			name = Main.storyboard;
			sourceTree = "<group>";
		};
		817751C524A10C210028431A /* LaunchScreen.storyboard */ = {
			isa = PBXVariantGroup;
			children = (
				817751C624A10C210028431A /* Base */,
			);
			name = LaunchScreen.storyboard;
			sourceTree = "<group>";
		};
/* End PBXVariantGroup section */

/* Begin XCBuildConfiguration section */
		817751C924A10C210028431A /* Debug */ = {
			isa = XCBuildConfiguration;
			buildSettings = {
				ALWAYS_SEARCH_USER_PATHS = NO;
				CLANG_ANALYZER_NONNULL = YES;
				CLANG_ANALYZER_NUMBER_OBJECT_CONVERSION = YES_AGGRESSIVE;
				CLANG_CXX_LANGUAGE_STANDARD = "gnu++14";
				CLANG_CXX_LIBRARY = "libc++";
				CLANG_ENABLE_MODULES = YES;
				CLANG_ENABLE_OBJC_ARC = YES;
				CLANG_ENABLE_OBJC_WEAK = YES;
				CLANG_WARN_BLOCK_CAPTURE_AUTORELEASING = YES;
				CLANG_WARN_BOOL_CONVERSION = YES;
				CLANG_WARN_COMMA = YES;
				CLANG_WARN_CONSTANT_CONVERSION = YES;
				CLANG_WARN_DEPRECATED_OBJC_IMPLEMENTATIONS = YES;
				CLANG_WARN_DIRECT_OBJC_ISA_USAGE = YES_ERROR;
				CLANG_WARN_DOCUMENTATION_COMMENTS = YES;
				CLANG_WARN_EMPTY_BODY = YES;
				CLANG_WARN_ENUM_CONVERSION = YES;
				CLANG_WARN_INFINITE_RECURSION = YES;
				CLANG_WARN_INT_CONVERSION = YES;
				CLANG_WARN_NON_LITERAL_NULL_CONVERSION = YES;
				CLANG_WARN_OBJC_IMPLICIT_RETAIN_SELF = YES;
				CLANG_WARN_OBJC_LITERAL_CONVERSION = YES;
				CLANG_WARN_OBJC_ROOT_CLASS = YES_ERROR;
				CLANG_WARN_RANGE_LOOP_ANALYSIS = YES;
				CLANG_WARN_STRICT_PROTOTYPES = YES;
				CLANG_WARN_SUSPICIOUS_MOVE = YES;
				CLANG_WARN_UNGUARDED_AVAILABILITY = YES_AGGRESSIVE;
				CLANG_WARN_UNREACHABLE_CODE = YES;
				CLANG_WARN__DUPLICATE_METHOD_MATCH = YES;
				COPY_PHASE_STRIP = NO;
				DEBUG_INFORMATION_FORMAT = dwarf;
				ENABLE_STRICT_OBJC_MSGSEND = YES;
				ENABLE_TESTABILITY = YES;
				GCC_C_LANGUAGE_STANDARD = gnu11;
				GCC_DYNAMIC_NO_PIC = NO;
				GCC_NO_COMMON_BLOCKS = YES;
				GCC_OPTIMIZATION_LEVEL = 0;
				GCC_PREPROCESSOR_DEFINITIONS = (
					"DEBUG=1",
					"$(inherited)",
				);
				GCC_WARN_64_TO_32_BIT_CONVERSION = YES;
				GCC_WARN_ABOUT_RETURN_TYPE = YES_ERROR;
				GCC_WARN_UNDECLARED_SELECTOR = YES;
				GCC_WARN_UNINITIALIZED_AUTOS = YES_AGGRESSIVE;
				GCC_WARN_UNUSED_FUNCTION = YES;
				GCC_WARN_UNUSED_VARIABLE = YES;
				IPHONEOS_DEPLOYMENT_TARGET = 13.5;
				MTL_ENABLE_DEBUG_INFO = INCLUDE_SOURCE;
				MTL_FAST_MATH = YES;
				ONLY_ACTIVE_ARCH = YES;
				SDKROOT = iphoneos;
				SWIFT_ACTIVE_COMPILATION_CONDITIONS = DEBUG;
				SWIFT_OPTIMIZATION_LEVEL = "-Onone";
			};
			name = Debug;
		};
		817751CA24A10C210028431A /* Release */ = {
			isa = XCBuildConfiguration;
			buildSettings = {
				ALWAYS_SEARCH_USER_PATHS = NO;
				CLANG_ANALYZER_NONNULL = YES;
				CLANG_ANALYZER_NUMBER_OBJECT_CONVERSION = YES_AGGRESSIVE;
				CLANG_CXX_LANGUAGE_STANDARD = "gnu++14";
				CLANG_CXX_LIBRARY = "libc++";
				CLANG_ENABLE_MODULES = YES;
				CLANG_ENABLE_OBJC_ARC = YES;
				CLANG_ENABLE_OBJC_WEAK = YES;
				CLANG_WARN_BLOCK_CAPTURE_AUTORELEASING = YES;
				CLANG_WARN_BOOL_CONVERSION = YES;
				CLANG_WARN_COMMA = YES;
				CLANG_WARN_CONSTANT_CONVERSION = YES;
				CLANG_WARN_DEPRECATED_OBJC_IMPLEMENTATIONS = YES;
				CLANG_WARN_DIRECT_OBJC_ISA_USAGE = YES_ERROR;
				CLANG_WARN_DOCUMENTATION_COMMENTS = YES;
				CLANG_WARN_EMPTY_BODY = YES;
				CLANG_WARN_ENUM_CONVERSION = YES;
				CLANG_WARN_INFINITE_RECURSION = YES;
				CLANG_WARN_INT_CONVERSION = YES;
				CLANG_WARN_NON_LITERAL_NULL_CONVERSION = YES;
				CLANG_WARN_OBJC_IMPLICIT_RETAIN_SELF = YES;
				CLANG_WARN_OBJC_LITERAL_CONVERSION = YES;
				CLANG_WARN_OBJC_ROOT_CLASS = YES_ERROR;
				CLANG_WARN_RANGE_LOOP_ANALYSIS = YES;
				CLANG_WARN_STRICT_PROTOTYPES = YES;
				CLANG_WARN_SUSPICIOUS_MOVE = YES;
				CLANG_WARN_UNGUARDED_AVAILABILITY = YES_AGGRESSIVE;
				CLANG_WARN_UNREACHABLE_CODE = YES;
				CLANG_WARN__DUPLICATE_METHOD_MATCH = YES;
				COPY_PHASE_STRIP = NO;
				DEBUG_INFORMATION_FORMAT = "dwarf-with-dsym";
				ENABLE_NS_ASSERTIONS = NO;
				ENABLE_STRICT_OBJC_MSGSEND = YES;
				GCC_C_LANGUAGE_STANDARD = gnu11;
				GCC_NO_COMMON_BLOCKS = YES;
				GCC_WARN_64_TO_32_BIT_CONVERSION = YES;
				GCC_WARN_ABOUT_RETURN_TYPE = YES_ERROR;
				GCC_WARN_UNDECLARED_SELECTOR = YES;
				GCC_WARN_UNINITIALIZED_AUTOS = YES_AGGRESSIVE;
				GCC_WARN_UNUSED_FUNCTION = YES;
				GCC_WARN_UNUSED_VARIABLE = YES;
				IPHONEOS_DEPLOYMENT_TARGET = 13.5;
				MTL_ENABLE_DEBUG_INFO = NO;
				MTL_FAST_MATH = YES;
				SDKROOT = iphoneos;
				SWIFT_COMPILATION_MODE = wholemodule;
				SWIFT_OPTIMIZATION_LEVEL = "-O";
				VALIDATE_PRODUCT = YES;
			};
			name = Release;
		};
		817751CC24A10C210028431A /* Debug */ = {
			isa = XCBuildConfiguration;
			buildSettings = {
				ASSETCATALOG_COMPILER_APPICON_NAME = AppIcon;
				CODE_SIGN_STYLE = Automatic;
				DEVELOPMENT_TEAM = QGHVRQJL53;
				INFOPLIST_FILE = WhatTODO/Info.plist;
				LD_RUNPATH_SEARCH_PATHS = (
					"$(inherited)",
					"@executable_path/Frameworks",
				);
				PRODUCT_BUNDLE_IDENTIFIER = com.cerenercan.WhatTODO;
				PRODUCT_NAME = "$(TARGET_NAME)";
				SWIFT_VERSION = 5.0;
				TARGETED_DEVICE_FAMILY = "1,2";
			};
			name = Debug;
		};
		817751CD24A10C210028431A /* Release */ = {
			isa = XCBuildConfiguration;
			buildSettings = {
				ASSETCATALOG_COMPILER_APPICON_NAME = AppIcon;
				CODE_SIGN_STYLE = Automatic;
				DEVELOPMENT_TEAM = QGHVRQJL53;
				INFOPLIST_FILE = WhatTODO/Info.plist;
				LD_RUNPATH_SEARCH_PATHS = (
					"$(inherited)",
					"@executable_path/Frameworks",
				);
				PRODUCT_BUNDLE_IDENTIFIER = com.cerenercan.WhatTODO;
				PRODUCT_NAME = "$(TARGET_NAME)";
				SWIFT_VERSION = 5.0;
				TARGETED_DEVICE_FAMILY = "1,2";
			};
			name = Release;
		};
/* End XCBuildConfiguration section */

/* Begin XCConfigurationList section */
		817751B224A10C1F0028431A /* Build configuration list for PBXProject "WhatTODO" */ = {
			isa = XCConfigurationList;
			buildConfigurations = (
				817751C924A10C210028431A /* Debug */,
				817751CA24A10C210028431A /* Release */,
			);
			defaultConfigurationIsVisible = 0;
			defaultConfigurationName = Release;
		};
		817751CB24A10C210028431A /* Build configuration list for PBXNativeTarget "WhatTODO" */ = {
			isa = XCConfigurationList;
			buildConfigurations = (
				817751CC24A10C210028431A /* Debug */,
				817751CD24A10C210028431A /* Release */,
			);
			defaultConfigurationIsVisible = 0;
			defaultConfigurationName = Release;
		};
/* End XCConfigurationList section */
	};
	rootObject = 817751AF24A10C1F0028431A /* Project object */;
}
